// !$*UTF8*$!
{
	archiveVersion = 1;
	classes = {
	};
	objectVersion = 51;
	objects = {

/* Begin PBXBuildFile section */
		4D3872F4255AEAF700D03513 /* AppDelegate.swift in Sources */ = {isa = PBXBuildFile; fileRef = 4D3872F3255AEAF700D03513 /* AppDelegate.swift */; };
		4D3872F6255AEAF700D03513 /* SceneDelegate.swift in Sources */ = {isa = PBXBuildFile; fileRef = 4D3872F5255AEAF700D03513 /* SceneDelegate.swift */; };
		4D3872F8255AEAF700D03513 /* ContentView.swift in Sources */ = {isa = PBXBuildFile; fileRef = 4D3872F7255AEAF700D03513 /* ContentView.swift */; };
		4D3872FA255AEAF800D03513 /* Assets.xcassets in Resources */ = {isa = PBXBuildFile; fileRef = 4D3872F9255AEAF800D03513 /* Assets.xcassets */; };
		4D3872FD255AEAF800D03513 /* Preview Assets.xcassets in Resources */ = {isa = PBXBuildFile; fileRef = 4D3872FC255AEAF800D03513 /* Preview Assets.xcassets */; };
		4D387300255AEAF800D03513 /* LaunchScreen.storyboard in Resources */ = {isa = PBXBuildFile; fileRef = 4D3872FE255AEAF800D03513 /* LaunchScreen.storyboard */; };
		4D387309255AEE3400D03513 /* ViewModel.swift in Sources */ = {isa = PBXBuildFile; fileRef = 4D387308255AEE3400D03513 /* ViewModel.swift */; };
		4D38730C255AF03700D03513 /* GoogleService-Info.plist in Resources */ = {isa = PBXBuildFile; fileRef = 4D38730B255AF03700D03513 /* GoogleService-Info.plist */; };
		4D387346255B0E5900D03513 /* ViewController.swift in Sources */ = {isa = PBXBuildFile; fileRef = 4D387345255B0E5800D03513 /* ViewController.swift */; };
		FDDC8F3AD43E59C44430BAA1 /* Pods_hello_firebase.framework in Frameworks */ = {isa = PBXBuildFile; fileRef = 846C9C4277BDFCB044CF4508 /* Pods_hello_firebase.framework */; };
/* End PBXBuildFile section */

/* Begin PBXFileReference section */
		4D3872F0255AEAF700D03513 /* hello-firebase.app */ = {isa = PBXFileReference; explicitFileType = wrapper.application; includeInIndex = 0; path = "hello-firebase.app"; sourceTree = BUILT_PRODUCTS_DIR; };
		4D3872F3255AEAF700D03513 /* AppDelegate.swift */ = {isa = PBXFileReference; lastKnownFileType = sourcecode.swift; path = AppDelegate.swift; sourceTree = "<group>"; };
		4D3872F5255AEAF700D03513 /* SceneDelegate.swift */ = {isa = PBXFileReference; lastKnownFileType = sourcecode.swift; path = SceneDelegate.swift; sourceTree = "<group>"; };
		4D3872F7255AEAF700D03513 /* ContentView.swift */ = {isa = PBXFileReference; lastKnownFileType = sourcecode.swift; path = ContentView.swift; sourceTree = "<group>"; };
		4D3872F9255AEAF800D03513 /* Assets.xcassets */ = {isa = PBXFileReference; lastKnownFileType = folder.assetcatalog; path = Assets.xcassets; sourceTree = "<group>"; };
		4D3872FC255AEAF800D03513 /* Preview Assets.xcassets */ = {isa = PBXFileReference; lastKnownFileType = folder.assetcatalog; path = "Preview Assets.xcassets"; sourceTree = "<group>"; };
		4D3872FF255AEAF800D03513 /* Base */ = {isa = PBXFileReference; lastKnownFileType = file.storyboard; name = Base; path = Base.lproj/LaunchScreen.storyboard; sourceTree = "<group>"; };
		4D387301255AEAF800D03513 /* Info.plist */ = {isa = PBXFileReference; lastKnownFileType = text.plist.xml; path = Info.plist; sourceTree = "<group>"; };
		4D387308255AEE3400D03513 /* ViewModel.swift */ = {isa = PBXFileReference; lastKnownFileType = sourcecode.swift; path = ViewModel.swift; sourceTree = "<group>"; };
		4D38730B255AF03700D03513 /* GoogleService-Info.plist */ = {isa = PBXFileReference; fileEncoding = 4; lastKnownFileType = text.plist.xml; path = "GoogleService-Info.plist"; sourceTree = "<group>"; };
		4D387345255B0E5800D03513 /* ViewController.swift */ = {isa = PBXFileReference; lastKnownFileType = sourcecode.swift; path = ViewController.swift; sourceTree = "<group>"; };
		7E3E3C79850AC064CC53CD14 /* Pods-hello-firebase.debug.xcconfig */ = {isa = PBXFileReference; includeInIndex = 1; lastKnownFileType = text.xcconfig; name = "Pods-hello-firebase.debug.xcconfig"; path = "Target Support Files/Pods-hello-firebase/Pods-hello-firebase.debug.xcconfig"; sourceTree = "<group>"; };
		846C9C4277BDFCB044CF4508 /* Pods_hello_firebase.framework */ = {isa = PBXFileReference; explicitFileType = wrapper.framework; includeInIndex = 0; path = Pods_hello_firebase.framework; sourceTree = BUILT_PRODUCTS_DIR; };
		EB07054D538D48E6382EC8EE /* Pods-hello-firebase.release.xcconfig */ = {isa = PBXFileReference; includeInIndex = 1; lastKnownFileType = text.xcconfig; name = "Pods-hello-firebase.release.xcconfig"; path = "Target Support Files/Pods-hello-firebase/Pods-hello-firebase.release.xcconfig"; sourceTree = "<group>"; };
/* End PBXFileReference section */

/* Begin PBXFrameworksBuildPhase section */
		4D3872ED255AEAF700D03513 /* Frameworks */ = {
			isa = PBXFrameworksBuildPhase;
			buildActionMask = 2147483647;
			files = (
				FDDC8F3AD43E59C44430BAA1 /* Pods_hello_firebase.framework in Frameworks */,
			);
			runOnlyForDeploymentPostprocessing = 0;
		};
/* End PBXFrameworksBuildPhase section */

/* Begin PBXGroup section */
		4D3872E7255AEAF700D03513 = {
			isa = PBXGroup;
			children = (
				4D3872F2255AEAF700D03513 /* hello-firebase */,
				4D3872F1255AEAF700D03513 /* Products */,
				6221AD7CA9E88F2BB8366DBD /* Pods */,
				E59CA336533CEF3574B39166 /* Frameworks */,
			);
			sourceTree = "<group>";
		};
		4D3872F1255AEAF700D03513 /* Products */ = {
			isa = PBXGroup;
			children = (
				4D3872F0255AEAF700D03513 /* hello-firebase.app */,
			);
			name = Products;
			sourceTree = "<group>";
		};
		4D3872F2255AEAF700D03513 /* hello-firebase */ = {
			isa = PBXGroup;
			children = (
				4D3872F3255AEAF700D03513 /* AppDelegate.swift */,
				4D3872F5255AEAF700D03513 /* SceneDelegate.swift */,
				4D3872F7255AEAF700D03513 /* ContentView.swift */,
				4D38730B255AF03700D03513 /* GoogleService-Info.plist */,
				4D3872F9255AEAF800D03513 /* Assets.xcassets */,
				4D3872FE255AEAF800D03513 /* LaunchScreen.storyboard */,
				4D387301255AEAF800D03513 /* Info.plist */,
				4D3872FB255AEAF800D03513 /* Preview Content */,
				4D387308255AEE3400D03513 /* ViewModel.swift */,
				4D387345255B0E5800D03513 /* ViewController.swift */,
			);
			path = "hello-firebase";
			sourceTree = "<group>";
		};
		4D3872FB255AEAF800D03513 /* Preview Content */ = {
			isa = PBXGroup;
			children = (
				4D3872FC255AEAF800D03513 /* Preview Assets.xcassets */,
			);
			path = "Preview Content";
			sourceTree = "<group>";
		};
		6221AD7CA9E88F2BB8366DBD /* Pods */ = {
			isa = PBXGroup;
			children = (
				7E3E3C79850AC064CC53CD14 /* Pods-hello-firebase.debug.xcconfig */,
				EB07054D538D48E6382EC8EE /* Pods-hello-firebase.release.xcconfig */,
			);
			path = Pods;
			sourceTree = "<group>";
		};
		E59CA336533CEF3574B39166 /* Frameworks */ = {
			isa = PBXGroup;
			children = (
				846C9C4277BDFCB044CF4508 /* Pods_hello_firebase.framework */,
			);
			name = Frameworks;
			sourceTree = "<group>";
		};
/* End PBXGroup section */

/* Begin PBXNativeTarget section */
		4D3872EF255AEAF700D03513 /* hello-firebase */ = {
			isa = PBXNativeTarget;
			buildConfigurationList = 4D387304255AEAF800D03513 /* Build configuration list for PBXNativeTarget "hello-firebase" */;
			buildPhases = (
				1088D2C7BB24CD1B0779F27E /* [CP] Check Pods Manifest.lock */,
				4D3872EC255AEAF700D03513 /* Sources */,
				4D3872ED255AEAF700D03513 /* Frameworks */,
				4D3872EE255AEAF700D03513 /* Resources */,
				D3534FDDA7E8455E0C09FA1B /* [CP] Embed Pods Frameworks */,
			);
			buildRules = (
			);
			dependencies = (
			);
			name = "hello-firebase";
			productName = "hello-firebase";
			productReference = 4D3872F0255AEAF700D03513 /* hello-firebase.app */;
			productType = "com.apple.product-type.application";
		};
/* End PBXNativeTarget section */

/* Begin PBXProject section */
		4D3872E8255AEAF700D03513 /* Project object */ = {
			isa = PBXProject;
			attributes = {
				LastSwiftUpdateCheck = 1210;
				LastUpgradeCheck = 1210;
				TargetAttributes = {
					4D3872EF255AEAF700D03513 = {
						CreatedOnToolsVersion = 12.1;
					};
				};
			};
			buildConfigurationList = 4D3872EB255AEAF700D03513 /* Build configuration list for PBXProject "hello-firebase" */;
			compatibilityVersion = "Xcode 9.3";
			developmentRegion = en;
			hasScannedForEncodings = 0;
			knownRegions = (
				en,
				Base,
			);
			mainGroup = 4D3872E7255AEAF700D03513;
			productRefGroup = 4D3872F1255AEAF700D03513 /* Products */;
			projectDirPath = "";
			projectRoot = "";
			targets = (
				4D3872EF255AEAF700D03513 /* hello-firebase */,
			);
		};
/* End PBXProject section */

/* Begin PBXResourcesBuildPhase section */
		4D3872EE255AEAF700D03513 /* Resources */ = {
			isa = PBXResourcesBuildPhase;
			buildActionMask = 2147483647;
			files = (
				4D387300255AEAF800D03513 /* LaunchScreen.storyboard in Resources */,
				4D38730C255AF03700D03513 /* GoogleService-Info.plist in Resources */,
				4D3872FD255AEAF800D03513 /* Preview Assets.xcassets in Resources */,
				4D3872FA255AEAF800D03513 /* Assets.xcassets in Resources */,
			);
			runOnlyForDeploymentPostprocessing = 0;
		};
/* End PBXResourcesBuildPhase section */

/* Begin PBXShellScriptBuildPhase section */
		1088D2C7BB24CD1B0779F27E /* [CP] Check Pods Manifest.lock */ = {
			isa = PBXShellScriptBuildPhase;
			buildActionMask = 2147483647;
			files = (
			);
			inputFileListPaths = (
			);
			inputPaths = (
				"${PODS_PODFILE_DIR_PATH}/Podfile.lock",
				"${PODS_ROOT}/Manifest.lock",
			);
			name = "[CP] Check Pods Manifest.lock";
			outputFileListPaths = (
			);
			outputPaths = (
				"$(DERIVED_FILE_DIR)/Pods-hello-firebase-checkManifestLockResult.txt",
			);
			runOnlyForDeploymentPostprocessing = 0;
			shellPath = /bin/sh;
			shellScript = "diff \"${PODS_PODFILE_DIR_PATH}/Podfile.lock\" \"${PODS_ROOT}/Manifest.lock\" > /dev/null\nif [ $? != 0 ] ; then\n    # print error to STDERR\n    echo \"error: The sandbox is not in sync with the Podfile.lock. Run 'pod install' or update your CocoaPods installation.\" >&2\n    exit 1\nfi\n# This output is used by Xcode 'outputs' to avoid re-running this script phase.\necho \"SUCCESS\" > \"${SCRIPT_OUTPUT_FILE_0}\"\n";
			showEnvVarsInLog = 0;
		};
		D3534FDDA7E8455E0C09FA1B /* [CP] Embed Pods Frameworks */ = {
			isa = PBXShellScriptBuildPhase;
			buildActionMask = 2147483647;
			files = (
			);
			inputFileListPaths = (
				"${PODS_ROOT}/Target Support Files/Pods-hello-firebase/Pods-hello-firebase-frameworks-${CONFIGURATION}-input-files.xcfilelist",
			);
			name = "[CP] Embed Pods Frameworks";
			outputFileListPaths = (
				"${PODS_ROOT}/Target Support Files/Pods-hello-firebase/Pods-hello-firebase-frameworks-${CONFIGURATION}-output-files.xcfilelist",
			);
			runOnlyForDeploymentPostprocessing = 0;
			shellPath = /bin/sh;
			shellScript = "\"${PODS_ROOT}/Target Support Files/Pods-hello-firebase/Pods-hello-firebase-frameworks.sh\"\n";
			showEnvVarsInLog = 0;
		};
/* End PBXShellScriptBuildPhase section */

/* Begin PBXSourcesBuildPhase section */
		4D3872EC255AEAF700D03513 /* Sources */ = {
			isa = PBXSourcesBuildPhase;
			buildActionMask = 2147483647;
			files = (
				4D387346255B0E5900D03513 /* ViewController.swift in Sources */,
				4D3872F4255AEAF700D03513 /* AppDelegate.swift in Sources */,
				4D3872F6255AEAF700D03513 /* SceneDelegate.swift in Sources */,
				4D387309255AEE3400D03513 /* ViewModel.swift in Sources */,
				4D3872F8255AEAF700D03513 /* ContentView.swift in Sources */,
			);
			runOnlyForDeploymentPostprocessing = 0;
		};
/* End PBXSourcesBuildPhase section */

/* Begin PBXVariantGroup section */
		4D3872FE255AEAF800D03513 /* LaunchScreen.storyboard */ = {
			isa = PBXVariantGroup;
			children = (
				4D3872FF255AEAF800D03513 /* Base */,
			);
			name = LaunchScreen.storyboard;
			sourceTree = "<group>";
		};
/* End PBXVariantGroup section */

/* Begin XCBuildConfiguration section */
		4D387302255AEAF800D03513 /* Debug */ = {
			isa = XCBuildConfiguration;
			buildSettings = {
				ALWAYS_SEARCH_USER_PATHS = NO;
				CLANG_ANALYZER_NONNULL = YES;
				CLANG_ANALYZER_NUMBER_OBJECT_CONVERSION = YES_AGGRESSIVE;
				CLANG_CXX_LANGUAGE_STANDARD = "gnu++14";
				CLANG_CXX_LIBRARY = "libc++";
				CLANG_ENABLE_MODULES = YES;
				CLANG_ENABLE_OBJC_ARC = YES;
				CLANG_ENABLE_OBJC_WEAK = YES;
				CLANG_WARN_BLOCK_CAPTURE_AUTORELEASING = YES;
				CLANG_WARN_BOOL_CONVERSION = YES;
				CLANG_WARN_COMMA = YES;
				CLANG_WARN_CONSTANT_CONVERSION = YES;
				CLANG_WARN_DEPRECATED_OBJC_IMPLEMENTATIONS = YES;
				CLANG_WARN_DIRECT_OBJC_ISA_USAGE = YES_ERROR;
				CLANG_WARN_DOCUMENTATION_COMMENTS = YES;
				CLANG_WARN_EMPTY_BODY = YES;
				CLANG_WARN_ENUM_CONVERSION = YES;
				CLANG_WARN_INFINITE_RECURSION = YES;
				CLANG_WARN_INT_CONVERSION = YES;
				CLANG_WARN_NON_LITERAL_NULL_CONVERSION = YES;
				CLANG_WARN_OBJC_IMPLICIT_RETAIN_SELF = YES;
				CLANG_WARN_OBJC_LITERAL_CONVERSION = YES;
				CLANG_WARN_OBJC_ROOT_CLASS = YES_ERROR;
				CLANG_WARN_QUOTED_INCLUDE_IN_FRAMEWORK_HEADER = YES;
				CLANG_WARN_RANGE_LOOP_ANALYSIS = YES;
				CLANG_WARN_STRICT_PROTOTYPES = YES;
				CLANG_WARN_SUSPICIOUS_MOVE = YES;
				CLANG_WARN_UNGUARDED_AVAILABILITY = YES_AGGRESSIVE;
				CLANG_WARN_UNREACHABLE_CODE = YES;
				CLANG_WARN__DUPLICATE_METHOD_MATCH = YES;
				COPY_PHASE_STRIP = NO;
				DEBUG_INFORMATION_FORMAT = dwarf;
				ENABLE_STRICT_OBJC_MSGSEND = YES;
				ENABLE_TESTABILITY = YES;
				GCC_C_LANGUAGE_STANDARD = gnu11;
				GCC_DYNAMIC_NO_PIC = NO;
				GCC_NO_COMMON_BLOCKS = YES;
				GCC_OPTIMIZATION_LEVEL = 0;
				GCC_PREPROCESSOR_DEFINITIONS = (
					"DEBUG=1",
					"$(inherited)",
				);
				GCC_WARN_64_TO_32_BIT_CONVERSION = YES;
				GCC_WARN_ABOUT_RETURN_TYPE = YES_ERROR;
				GCC_WARN_UNDECLARED_SELECTOR = YES;
				GCC_WARN_UNINITIALIZED_AUTOS = YES_AGGRESSIVE;
				GCC_WARN_UNUSED_FUNCTION = YES;
				GCC_WARN_UNUSED_VARIABLE = YES;
				IPHONEOS_DEPLOYMENT_TARGET = 14.1;
				MTL_ENABLE_DEBUG_INFO = INCLUDE_SOURCE;
				MTL_FAST_MATH = YES;
				ONLY_ACTIVE_ARCH = YES;
				SDKROOT = iphoneos;
				SWIFT_ACTIVE_COMPILATION_CONDITIONS = DEBUG;
				SWIFT_OPTIMIZATION_LEVEL = "-Onone";
			};
			name = Debug;
		};
		4D387303255AEAF800D03513 /* Release */ = {
			isa = XCBuildConfiguration;
			buildSettings = {
				ALWAYS_SEARCH_USER_PATHS = NO;
				CLANG_ANALYZER_NONNULL = YES;
				CLANG_ANALYZER_NUMBER_OBJECT_CONVERSION = YES_AGGRESSIVE;
				CLANG_CXX_LANGUAGE_STANDARD = "gnu++14";
				CLANG_CXX_LIBRARY = "libc++";
				CLANG_ENABLE_MODULES = YES;
				CLANG_ENABLE_OBJC_ARC = YES;
				CLANG_ENABLE_OBJC_WEAK = YES;
				CLANG_WARN_BLOCK_CAPTURE_AUTORELEASING = YES;
				CLANG_WARN_BOOL_CONVERSION = YES;
				CLANG_WARN_COMMA = YES;
				CLANG_WARN_CONSTANT_CONVERSION = YES;
				CLANG_WARN_DEPRECATED_OBJC_IMPLEMENTATIONS = YES;
				CLANG_WARN_DIRECT_OBJC_ISA_USAGE = YES_ERROR;
				CLANG_WARN_DOCUMENTATION_COMMENTS = YES;
				CLANG_WARN_EMPTY_BODY = YES;
				CLANG_WARN_ENUM_CONVERSION = YES;
				CLANG_WARN_INFINITE_RECURSION = YES;
				CLANG_WARN_INT_CONVERSION = YES;
				CLANG_WARN_NON_LITERAL_NULL_CONVERSION = YES;
				CLANG_WARN_OBJC_IMPLICIT_RETAIN_SELF = YES;
				CLANG_WARN_OBJC_LITERAL_CONVERSION = YES;
				CLANG_WARN_OBJC_ROOT_CLASS = YES_ERROR;
				CLANG_WARN_QUOTED_INCLUDE_IN_FRAMEWORK_HEADER = YES;
				CLANG_WARN_RANGE_LOOP_ANALYSIS = YES;
				CLANG_WARN_STRICT_PROTOTYPES = YES;
				CLANG_WARN_SUSPICIOUS_MOVE = YES;
				CLANG_WARN_UNGUARDED_AVAILABILITY = YES_AGGRESSIVE;
				CLANG_WARN_UNREACHABLE_CODE = YES;
				CLANG_WARN__DUPLICATE_METHOD_MATCH = YES;
				COPY_PHASE_STRIP = NO;
				DEBUG_INFORMATION_FORMAT = "dwarf-with-dsym";
				ENABLE_NS_ASSERTIONS = NO;
				ENABLE_STRICT_OBJC_MSGSEND = YES;
				GCC_C_LANGUAGE_STANDARD = gnu11;
				GCC_NO_COMMON_BLOCKS = YES;
				GCC_WARN_64_TO_32_BIT_CONVERSION = YES;
				GCC_WARN_ABOUT_RETURN_TYPE = YES_ERROR;
				GCC_WARN_UNDECLARED_SELECTOR = YES;
				GCC_WARN_UNINITIALIZED_AUTOS = YES_AGGRESSIVE;
				GCC_WARN_UNUSED_FUNCTION = YES;
				GCC_WARN_UNUSED_VARIABLE = YES;
				IPHONEOS_DEPLOYMENT_TARGET = 14.1;
				MTL_ENABLE_DEBUG_INFO = NO;
				MTL_FAST_MATH = YES;
				SDKROOT = iphoneos;
				SWIFT_COMPILATION_MODE = wholemodule;
				SWIFT_OPTIMIZATION_LEVEL = "-O";
				VALIDATE_PRODUCT = YES;
			};
			name = Release;
		};
		4D387305255AEAF800D03513 /* Debug */ = {
			isa = XCBuildConfiguration;
			baseConfigurationReference = 7E3E3C79850AC064CC53CD14 /* Pods-hello-firebase.debug.xcconfig */;
			buildSettings = {
				ASSETCATALOG_COMPILER_APPICON_NAME = AppIcon;
				ASSETCATALOG_COMPILER_GLOBAL_ACCENT_COLOR_NAME = AccentColor;
				CODE_SIGN_STYLE = Automatic;
				DEVELOPMENT_ASSET_PATHS = "\"hello-firebase/Preview Content\"";
				ENABLE_PREVIEWS = YES;
				INFOPLIST_FILE = "hello-firebase/Info.plist";
				LD_RUNPATH_SEARCH_PATHS = (
					"$(inherited)",
					"@executable_path/Frameworks",
				);
				PRODUCT_BUNDLE_IDENTIFIER = "-7443.hello-firebase";
				PRODUCT_NAME = "$(TARGET_NAME)";
				SWIFT_VERSION = 5.0;
				TARGETED_DEVICE_FAMILY = "1,2";
			};
			name = Debug;
		};
		4D387306255AEAF800D03513 /* Release */ = {
			isa = XCBuildConfiguration;
			baseConfigurationReference = EB07054D538D48E6382EC8EE /* Pods-hello-firebase.release.xcconfig */;
			buildSettings = {
				ASSETCATALOG_COMPILER_APPICON_NAME = AppIcon;
				ASSETCATALOG_COMPILER_GLOBAL_ACCENT_COLOR_NAME = AccentColor;
				CODE_SIGN_STYLE = Automatic;
				DEVELOPMENT_ASSET_PATHS = "\"hello-firebase/Preview Content\"";
				ENABLE_PREVIEWS = YES;
				INFOPLIST_FILE = "hello-firebase/Info.plist";
				LD_RUNPATH_SEARCH_PATHS = (
					"$(inherited)",
					"@executable_path/Frameworks",
				);
				PRODUCT_BUNDLE_IDENTIFIER = "-7443.hello-firebase";
				PRODUCT_NAME = "$(TARGET_NAME)";
				SWIFT_VERSION = 5.0;
				TARGETED_DEVICE_FAMILY = "1,2";
			};
			name = Release;
		};
/* End XCBuildConfiguration section */

/* Begin XCConfigurationList section */
		4D3872EB255AEAF700D03513 /* Build configuration list for PBXProject "hello-firebase" */ = {
			isa = XCConfigurationList;
			buildConfigurations = (
				4D387302255AEAF800D03513 /* Debug */,
				4D387303255AEAF800D03513 /* Release */,
			);
			defaultConfigurationIsVisible = 0;
			defaultConfigurationName = Release;
		};
		4D387304255AEAF800D03513 /* Build configuration list for PBXNativeTarget "hello-firebase" */ = {
			isa = XCConfigurationList;
			buildConfigurations = (
				4D387305255AEAF800D03513 /* Debug */,
				4D387306255AEAF800D03513 /* Release */,
			);
			defaultConfigurationIsVisible = 0;
			defaultConfigurationName = Release;
		};
/* End XCConfigurationList section */
	};
	rootObject = 4D3872E8255AEAF700D03513 /* Project object */;
}
